
Microsoft Visual Studio Solution File, Format Version 12.00
# Visual Studio 15
VisualStudioVersion = 15.0.28307.168
MinimumVisualStudioVersion = 10.0.40219.1
Project("{FAE04EC0-301F-11D3-BF4B-00C04F79EFBC}") = "CalcClasses.v1.1", "CalcClasses.v1.1\CalcClasses.v1.1.csproj", "{8B714651-326C-4833-B3E0-FFD6C7225264}"
EndProject
Global
	GlobalSection(SolutionConfigurationPlatforms) = preSolution
		Debug|Any CPU = Debug|Any CPU
		Release|Any CPU = Release|Any CPU
	EndGlobalSection
	GlobalSection(ProjectConfigurationPlatforms) = postSolution
		{8B714651-326C-4833-B3E0-FFD6C7225264}.Debug|Any CPU.ActiveCfg = Debug|Any CPU
		{8B714651-326C-4833-B3E0-FFD6C7225264}.Debug|Any CPU.Build.0 = Debug|Any CPU
		{8B714651-326C-4833-B3E0-FFD6C7225264}.Release|Any CPU.ActiveCfg = Release|Any CPU
		{8B714651-326C-4833-B3E0-FFD6C7225264}.Release|Any CPU.Build.0 = Release|Any CPU
	EndGlobalSection
	GlobalSection(SolutionProperties) = preSolution
		HideSolutionNode = FALSE
	EndGlobalSection
	GlobalSection(ExtensibilityGlobals) = postSolution
		SolutionGuid = {278F7A1D-0CF3-4DA3-8F91-6B3C7998070B}
	EndGlobalSection
EndGlobal
