
Microsoft Visual Studio Solution File, Format Version 12.00
# Visual Studio 15
VisualStudioVersion = 15.0.28307.168
MinimumVisualStudioVersion = 10.0.40219.1
Project("{FAE04EC0-301F-11D3-BF4B-00C04F79EFBC}") = "calcClasses", "calcClasses\calcClasses.csproj", "{658A5A89-4251-4AC0-A731-5694D0076919}"
EndProject
Global
	GlobalSection(SolutionConfigurationPlatforms) = preSolution
		Debug|Any CPU = Debug|Any CPU
		Release|Any CPU = Release|Any CPU
	EndGlobalSection
	GlobalSection(ProjectConfigurationPlatforms) = postSolution
		{658A5A89-4251-4AC0-A731-5694D0076919}.Debug|Any CPU.ActiveCfg = Debug|Any CPU
		{658A5A89-4251-4AC0-A731-5694D0076919}.Debug|Any CPU.Build.0 = Debug|Any CPU
		{658A5A89-4251-4AC0-A731-5694D0076919}.Release|Any CPU.ActiveCfg = Release|Any CPU
		{658A5A89-4251-4AC0-A731-5694D0076919}.Release|Any CPU.Build.0 = Release|Any CPU
	EndGlobalSection
	GlobalSection(SolutionProperties) = preSolution
		HideSolutionNode = FALSE
	EndGlobalSection
	GlobalSection(ExtensibilityGlobals) = postSolution
		SolutionGuid = {D138270F-360D-48DF-BE49-C12B97C9528C}
	EndGlobalSection
EndGlobal
